
Microsoft Visual Studio Solution File, Format Version 12.00
# Visual Studio Version 17
VisualStudioVersion = 17.1.32228.430
MinimumVisualStudioVersion = 10.0.40219.1
Project("{FAE04EC0-301F-11D3-BF4B-00C04F79EFBC}") = "ToDoItems.API", "ToDoItems.API\ToDoItems.API.csproj", "{F15D3D33-B960-4ED8-9A20-647367F3A4EB}"
EndProject
Project("{FAE04EC0-301F-11D3-BF4B-00C04F79EFBC}") = "ToDoItems.Core", "ToDoItems.Core\ToDoItems.Core.csproj", "{A458B4CD-8B7F-409F-BA18-674D13056869}"
EndProject
Project("{FAE04EC0-301F-11D3-BF4B-00C04F79EFBC}") = "ToDoItems.Infrastructure", "ToDoItems.Infrastructure\ToDoItems.Infrastructure.csproj", "{758ADDBA-05DD-41E1-9AC2-0D1FB20E7F17}"
EndProject
Global
	GlobalSection(SolutionConfigurationPlatforms) = preSolution
		Debug|Any CPU = Debug|Any CPU
		Release|Any CPU = Release|Any CPU
	EndGlobalSection
	GlobalSection(ProjectConfigurationPlatforms) = postSolution
		{F15D3D33-B960-4ED8-9A20-647367F3A4EB}.Debug|Any CPU.ActiveCfg = Debug|Any CPU
		{F15D3D33-B960-4ED8-9A20-647367F3A4EB}.Debug|Any CPU.Build.0 = Debug|Any CPU
		{F15D3D33-B960-4ED8-9A20-647367F3A4EB}.Release|Any CPU.ActiveCfg = Release|Any CPU
		{F15D3D33-B960-4ED8-9A20-647367F3A4EB}.Release|Any CPU.Build.0 = Release|Any CPU
		{A458B4CD-8B7F-409F-BA18-674D13056869}.Debug|Any CPU.ActiveCfg = Debug|Any CPU
		{A458B4CD-8B7F-409F-BA18-674D13056869}.Debug|Any CPU.Build.0 = Debug|Any CPU
		{A458B4CD-8B7F-409F-BA18-674D13056869}.Release|Any CPU.ActiveCfg = Release|Any CPU
		{A458B4CD-8B7F-409F-BA18-674D13056869}.Release|Any CPU.Build.0 = Release|Any CPU
		{758ADDBA-05DD-41E1-9AC2-0D1FB20E7F17}.Debug|Any CPU.ActiveCfg = Debug|Any CPU
		{758ADDBA-05DD-41E1-9AC2-0D1FB20E7F17}.Debug|Any CPU.Build.0 = Debug|Any CPU
		{758ADDBA-05DD-41E1-9AC2-0D1FB20E7F17}.Release|Any CPU.ActiveCfg = Release|Any CPU
		{758ADDBA-05DD-41E1-9AC2-0D1FB20E7F17}.Release|Any CPU.Build.0 = Release|Any CPU
	EndGlobalSection
	GlobalSection(SolutionProperties) = preSolution
		HideSolutionNode = FALSE
	EndGlobalSection
	GlobalSection(ExtensibilityGlobals) = postSolution
		SolutionGuid = {30CE0B86-D59C-4492-9E9B-D21646F52D38}
	EndGlobalSection
EndGlobal
